
Microsoft Visual Studio Solution File, Format Version 12.00
# Visual Studio Version 17
VisualStudioVersion = 17.5.33414.496
MinimumVisualStudioVersion = 10.0.40219.1
Project("{9A19103F-16F7-4668-BE54-9A1E7A4F7556}") = "Appointment.Shared", "Appointment.Shared\Appointment.Shared.csproj", "{7F5763CD-0A2C-4C62-8B2C-2BAF78D812D0}"
EndProject
Project("{9A19103F-16F7-4668-BE54-9A1E7A4F7556}") = "Appointment.API", "Appointment.API\Appointment.API.csproj", "{261E3C15-314E-4FA6-8D48-A8417473F99F}"
EndProject
Project("{9A19103F-16F7-4668-BE54-9A1E7A4F7556}") = "Appointment.WEB", "Appointment.WEB\Appointment.WEB.csproj", "{E4D9BD2F-D82A-42E0-8A5C-DF8B5A98EFC4}"
EndProject
Global
	GlobalSection(SolutionConfigurationPlatforms) = preSolution
		Debug|Any CPU = Debug|Any CPU
		Release|Any CPU = Release|Any CPU
	EndGlobalSection
	GlobalSection(ProjectConfigurationPlatforms) = postSolution
		{7F5763CD-0A2C-4C62-8B2C-2BAF78D812D0}.Debug|Any CPU.ActiveCfg = Debug|Any CPU
		{7F5763CD-0A2C-4C62-8B2C-2BAF78D812D0}.Debug|Any CPU.Build.0 = Debug|Any CPU
		{7F5763CD-0A2C-4C62-8B2C-2BAF78D812D0}.Release|Any CPU.ActiveCfg = Release|Any CPU
		{7F5763CD-0A2C-4C62-8B2C-2BAF78D812D0}.Release|Any CPU.Build.0 = Release|Any CPU
		{261E3C15-314E-4FA6-8D48-A8417473F99F}.Debug|Any CPU.ActiveCfg = Debug|Any CPU
		{261E3C15-314E-4FA6-8D48-A8417473F99F}.Debug|Any CPU.Build.0 = Debug|Any CPU
		{261E3C15-314E-4FA6-8D48-A8417473F99F}.Release|Any CPU.ActiveCfg = Release|Any CPU
		{261E3C15-314E-4FA6-8D48-A8417473F99F}.Release|Any CPU.Build.0 = Release|Any CPU
		{E4D9BD2F-D82A-42E0-8A5C-DF8B5A98EFC4}.Debug|Any CPU.ActiveCfg = Debug|Any CPU
		{E4D9BD2F-D82A-42E0-8A5C-DF8B5A98EFC4}.Debug|Any CPU.Build.0 = Debug|Any CPU
		{E4D9BD2F-D82A-42E0-8A5C-DF8B5A98EFC4}.Release|Any CPU.ActiveCfg = Release|Any CPU
		{E4D9BD2F-D82A-42E0-8A5C-DF8B5A98EFC4}.Release|Any CPU.Build.0 = Release|Any CPU
	EndGlobalSection
	GlobalSection(SolutionProperties) = preSolution
		HideSolutionNode = FALSE
	EndGlobalSection
	GlobalSection(ExtensibilityGlobals) = postSolution
		SolutionGuid = {6070A401-7EFD-4243-A678-1CD21E1A248B}
	EndGlobalSection
EndGlobal
